
Microsoft Visual Studio Solution File, Format Version 12.00
# Visual Studio Version 16
VisualStudioVersion = 16.0.30804.86
MinimumVisualStudioVersion = 10.0.40219.1
Project("{FAE04EC0-301F-11D3-BF4B-00C04F79EFBC}") = "MvcPersonal", "MvcPersonal\MvcPersonal.csproj", "{4AF47D5D-069F-4D6D-B1C7-42EB5A786D4A}"
EndProject
Global
	GlobalSection(SolutionConfigurationPlatforms) = preSolution
		Debug|Any CPU = Debug|Any CPU
		Release|Any CPU = Release|Any CPU
	EndGlobalSection
	GlobalSection(ProjectConfigurationPlatforms) = postSolution
		{4AF47D5D-069F-4D6D-B1C7-42EB5A786D4A}.Debug|Any CPU.ActiveCfg = Debug|Any CPU
		{4AF47D5D-069F-4D6D-B1C7-42EB5A786D4A}.Debug|Any CPU.Build.0 = Debug|Any CPU
		{4AF47D5D-069F-4D6D-B1C7-42EB5A786D4A}.Release|Any CPU.ActiveCfg = Release|Any CPU
		{4AF47D5D-069F-4D6D-B1C7-42EB5A786D4A}.Release|Any CPU.Build.0 = Release|Any CPU
	EndGlobalSection
	GlobalSection(SolutionProperties) = preSolution
		HideSolutionNode = FALSE
	EndGlobalSection
	GlobalSection(ExtensibilityGlobals) = postSolution
		SolutionGuid = {B37C06C6-17C4-4EF1-9F30-8D5384779E7F}
	EndGlobalSection
EndGlobal
